
Microsoft Visual Studio Solution File, Format Version 12.00
# Visual Studio Version 16
VisualStudioVersion = 16.0.30621.155
MinimumVisualStudioVersion = 10.0.40219.1
Project("{FAE04EC0-301F-11D3-BF4B-00C04F79EFBC}") = "KanyeWest", "KanyeWest\KanyeWest.csproj", "{6E7343CA-48E8-45ED-A2D7-EB8378379F20}"
EndProject
Global
	GlobalSection(SolutionConfigurationPlatforms) = preSolution
		Debug|Any CPU = Debug|Any CPU
		Release|Any CPU = Release|Any CPU
	EndGlobalSection
	GlobalSection(ProjectConfigurationPlatforms) = postSolution
		{6E7343CA-48E8-45ED-A2D7-EB8378379F20}.Debug|Any CPU.ActiveCfg = Debug|Any CPU
		{6E7343CA-48E8-45ED-A2D7-EB8378379F20}.Debug|Any CPU.Build.0 = Debug|Any CPU
		{6E7343CA-48E8-45ED-A2D7-EB8378379F20}.Release|Any CPU.ActiveCfg = Release|Any CPU
		{6E7343CA-48E8-45ED-A2D7-EB8378379F20}.Release|Any CPU.Build.0 = Release|Any CPU
	EndGlobalSection
	GlobalSection(SolutionProperties) = preSolution
		HideSolutionNode = FALSE
	EndGlobalSection
	GlobalSection(ExtensibilityGlobals) = postSolution
		SolutionGuid = {B4B844C3-BD45-4CA4-ADDD-76CC08F304F7}
	EndGlobalSection
EndGlobal
